name: Dependabot — update uv.lock

on:
    pull_request:
        paths:
            - "**/pyproject.toml"

permissions:
    contents: write
    pull-requests: write

env:
    FORCE_JAVASCRIPT_ACTIONS_TO_NODE24: "true"

jobs:
    uv-lock:
        name: Regenerate uv.lock
        runs-on: ubuntu-latest
        if: github.actor == 'dependabot[bot]'
        steps:
            - uses: actions/checkout@de0fac2e4500dabe0009e67214ff5f5447ce83dd
              with:
                  ref: ${{ github.head_ref }}
                  token: ${{ secrets.GITHUB_TOKEN }}

            - name: Install uv
              uses: astral-sh/setup-uv@f0ec1fc3b38f5e7cd731bb6ce540c5af426746bb
              with:
                  enable-cache: true

            - name: Regenerate uv.lock
              run: uv lock

            - name: Commit updated lockfile
              run: |
                  git config user.name  "github-actions[bot]"
                  git config user.email "github-actions[bot]@users.noreply.github.com"
                  git add uv.lock
                  git diff --cached --quiet || git commit -m "chore: regenerate uv.lock after dependency bump"
                  git push
